
Microsoft Visual Studio Solution File, Format Version 12.00
# Visual Studio 15
VisualStudioVersion = 15.0.27004.2008
MinimumVisualStudioVersion = 10.0.40219.1
Project("{9A19103F-16F7-4668-BE54-9A1E7A4F7556}") = "ExpenseApp2", "ExpenseApp2\ExpenseApp2.csproj", "{C5D163F0-5ABE-448A-9354-F524BB669051}"
EndProject
Project("{2150E333-8FDC-42A3-9474-1A3956D46DE8}") = "DataAccess", "DataAccess", "{06DF64F1-D7DE-494E-8A36-5CF2DB88E361}"
EndProject
Project("{FAE04EC0-301F-11D3-BF4B-00C04F79EFBC}") = "Repository", "Repository\Repository.csproj", "{2819C153-2A7F-48C6-B0EE-23761CBBD612}"
EndProject
Project("{FAE04EC0-301F-11D3-BF4B-00C04F79EFBC}") = "IRepository", "IRepository\IRepository.csproj", "{59B99434-FF89-4C92-86B9-4964F6859AA8}"
EndProject
Project("{2150E333-8FDC-42A3-9474-1A3956D46DE8}") = "Entities", "Entities", "{11C03CF2-88FC-47AE-AC32-7C83BEC54CA9}"
EndProject
Project("{FAE04EC0-301F-11D3-BF4B-00C04F79EFBC}") = "Repository.Entities", "Repository.Entities\Repository.Entities.csproj", "{49A28372-AB80-43AE-8A51-56405CA930FC}"
EndProject
Project("{2150E333-8FDC-42A3-9474-1A3956D46DE8}") = "Core", "Core", "{B49706F6-787B-40BA-8CF0-7A74F967BFEF}"
EndProject
Project("{FAE04EC0-301F-11D3-BF4B-00C04F79EFBC}") = "ServiceConfiguration", "ServiceConfiguration\ServiceConfiguration.csproj", "{B563CFE6-A4CB-486B-A041-40EA82B36DF4}"
EndProject
Project("{2150E333-8FDC-42A3-9474-1A3956D46DE8}") = "Common", "Common", "{7F94090B-E0F3-4EE1-86A4-504D7DE3A12B}"
EndProject
Project("{FAE04EC0-301F-11D3-BF4B-00C04F79EFBC}") = "CommonEntities", "CommonEntities\CommonEntities.csproj", "{B39101CD-2C74-4088-AF08-2292E15086D8}"
EndProject
Project("{FAE04EC0-301F-11D3-BF4B-00C04F79EFBC}") = "Business.Entities", "Business.Entities\Business.Entities.csproj", "{912BE966-81E3-498C-B86F-8685083820FF}"
EndProject
Project("{FAE04EC0-301F-11D3-BF4B-00C04F79EFBC}") = "ExpensApp.Utilities", "ExpensApp.Utilities\ExpensApp.Utilities.csproj", "{407967F4-011C-4416-9BB7-65C649D0D13A}"
EndProject
Project("{2150E333-8FDC-42A3-9474-1A3956D46DE8}") = "Business", "Business", "{7A43E292-0415-4A52-9C0A-B57FBF8ACFB6}"
EndProject
Project("{FAE04EC0-301F-11D3-BF4B-00C04F79EFBC}") = "BusinessProvider", "BusinessProvider\BusinessProvider.csproj", "{F90E67F1-1C75-4418-BB7A-3CE338D01E0B}"
EndProject
Project("{FAE04EC0-301F-11D3-BF4B-00C04F79EFBC}") = "IBusiness", "IBusiness\IBusiness.csproj", "{101CB673-2535-479D-BEC6-5D289519CB08}"
EndProject
Project("{FAE04EC0-301F-11D3-BF4B-00C04F79EFBC}") = "ViewModel.Entities", "ViewModel.Entities\ViewModel.Entities.csproj", "{7DBF68EC-3D9F-4569-B696-F90559C326AC}"
EndProject
Global
	GlobalSection(SolutionConfigurationPlatforms) = preSolution
		Debug|Any CPU = Debug|Any CPU
		Release|Any CPU = Release|Any CPU
	EndGlobalSection
	GlobalSection(ProjectConfigurationPlatforms) = postSolution
		{C5D163F0-5ABE-448A-9354-F524BB669051}.Debug|Any CPU.ActiveCfg = Debug|Any CPU
		{C5D163F0-5ABE-448A-9354-F524BB669051}.Debug|Any CPU.Build.0 = Debug|Any CPU
		{C5D163F0-5ABE-448A-9354-F524BB669051}.Release|Any CPU.ActiveCfg = Release|Any CPU
		{C5D163F0-5ABE-448A-9354-F524BB669051}.Release|Any CPU.Build.0 = Release|Any CPU
		{2819C153-2A7F-48C6-B0EE-23761CBBD612}.Debug|Any CPU.ActiveCfg = Debug|Any CPU
		{2819C153-2A7F-48C6-B0EE-23761CBBD612}.Debug|Any CPU.Build.0 = Debug|Any CPU
		{2819C153-2A7F-48C6-B0EE-23761CBBD612}.Release|Any CPU.ActiveCfg = Release|Any CPU
		{2819C153-2A7F-48C6-B0EE-23761CBBD612}.Release|Any CPU.Build.0 = Release|Any CPU
		{59B99434-FF89-4C92-86B9-4964F6859AA8}.Debug|Any CPU.ActiveCfg = Debug|Any CPU
		{59B99434-FF89-4C92-86B9-4964F6859AA8}.Debug|Any CPU.Build.0 = Debug|Any CPU
		{59B99434-FF89-4C92-86B9-4964F6859AA8}.Release|Any CPU.ActiveCfg = Release|Any CPU
		{59B99434-FF89-4C92-86B9-4964F6859AA8}.Release|Any CPU.Build.0 = Release|Any CPU
		{49A28372-AB80-43AE-8A51-56405CA930FC}.Debug|Any CPU.ActiveCfg = Debug|Any CPU
		{49A28372-AB80-43AE-8A51-56405CA930FC}.Debug|Any CPU.Build.0 = Debug|Any CPU
		{49A28372-AB80-43AE-8A51-56405CA930FC}.Release|Any CPU.ActiveCfg = Release|Any CPU
		{49A28372-AB80-43AE-8A51-56405CA930FC}.Release|Any CPU.Build.0 = Release|Any CPU
		{B563CFE6-A4CB-486B-A041-40EA82B36DF4}.Debug|Any CPU.ActiveCfg = Debug|Any CPU
		{B563CFE6-A4CB-486B-A041-40EA82B36DF4}.Debug|Any CPU.Build.0 = Debug|Any CPU
		{B563CFE6-A4CB-486B-A041-40EA82B36DF4}.Release|Any CPU.ActiveCfg = Release|Any CPU
		{B563CFE6-A4CB-486B-A041-40EA82B36DF4}.Release|Any CPU.Build.0 = Release|Any CPU
		{B39101CD-2C74-4088-AF08-2292E15086D8}.Debug|Any CPU.ActiveCfg = Debug|Any CPU
		{B39101CD-2C74-4088-AF08-2292E15086D8}.Debug|Any CPU.Build.0 = Debug|Any CPU
		{B39101CD-2C74-4088-AF08-2292E15086D8}.Release|Any CPU.ActiveCfg = Release|Any CPU
		{B39101CD-2C74-4088-AF08-2292E15086D8}.Release|Any CPU.Build.0 = Release|Any CPU
		{912BE966-81E3-498C-B86F-8685083820FF}.Debug|Any CPU.ActiveCfg = Debug|Any CPU
		{912BE966-81E3-498C-B86F-8685083820FF}.Debug|Any CPU.Build.0 = Debug|Any CPU
		{912BE966-81E3-498C-B86F-8685083820FF}.Release|Any CPU.ActiveCfg = Release|Any CPU
		{912BE966-81E3-498C-B86F-8685083820FF}.Release|Any CPU.Build.0 = Release|Any CPU
		{407967F4-011C-4416-9BB7-65C649D0D13A}.Debug|Any CPU.ActiveCfg = Debug|Any CPU
		{407967F4-011C-4416-9BB7-65C649D0D13A}.Debug|Any CPU.Build.0 = Debug|Any CPU
		{407967F4-011C-4416-9BB7-65C649D0D13A}.Release|Any CPU.ActiveCfg = Release|Any CPU
		{407967F4-011C-4416-9BB7-65C649D0D13A}.Release|Any CPU.Build.0 = Release|Any CPU
		{F90E67F1-1C75-4418-BB7A-3CE338D01E0B}.Debug|Any CPU.ActiveCfg = Debug|Any CPU
		{F90E67F1-1C75-4418-BB7A-3CE338D01E0B}.Debug|Any CPU.Build.0 = Debug|Any CPU
		{F90E67F1-1C75-4418-BB7A-3CE338D01E0B}.Release|Any CPU.ActiveCfg = Release|Any CPU
		{F90E67F1-1C75-4418-BB7A-3CE338D01E0B}.Release|Any CPU.Build.0 = Release|Any CPU
		{101CB673-2535-479D-BEC6-5D289519CB08}.Debug|Any CPU.ActiveCfg = Debug|Any CPU
		{101CB673-2535-479D-BEC6-5D289519CB08}.Debug|Any CPU.Build.0 = Debug|Any CPU
		{101CB673-2535-479D-BEC6-5D289519CB08}.Release|Any CPU.ActiveCfg = Release|Any CPU
		{101CB673-2535-479D-BEC6-5D289519CB08}.Release|Any CPU.Build.0 = Release|Any CPU
		{7DBF68EC-3D9F-4569-B696-F90559C326AC}.Debug|Any CPU.ActiveCfg = Debug|Any CPU
		{7DBF68EC-3D9F-4569-B696-F90559C326AC}.Debug|Any CPU.Build.0 = Debug|Any CPU
		{7DBF68EC-3D9F-4569-B696-F90559C326AC}.Release|Any CPU.ActiveCfg = Release|Any CPU
		{7DBF68EC-3D9F-4569-B696-F90559C326AC}.Release|Any CPU.Build.0 = Release|Any CPU
	EndGlobalSection
	GlobalSection(SolutionProperties) = preSolution
		HideSolutionNode = FALSE
	EndGlobalSection
	GlobalSection(NestedProjects) = preSolution
		{2819C153-2A7F-48C6-B0EE-23761CBBD612} = {06DF64F1-D7DE-494E-8A36-5CF2DB88E361}
		{59B99434-FF89-4C92-86B9-4964F6859AA8} = {06DF64F1-D7DE-494E-8A36-5CF2DB88E361}
		{49A28372-AB80-43AE-8A51-56405CA930FC} = {11C03CF2-88FC-47AE-AC32-7C83BEC54CA9}
		{B563CFE6-A4CB-486B-A041-40EA82B36DF4} = {B49706F6-787B-40BA-8CF0-7A74F967BFEF}
		{B39101CD-2C74-4088-AF08-2292E15086D8} = {7F94090B-E0F3-4EE1-86A4-504D7DE3A12B}
		{912BE966-81E3-498C-B86F-8685083820FF} = {11C03CF2-88FC-47AE-AC32-7C83BEC54CA9}
		{407967F4-011C-4416-9BB7-65C649D0D13A} = {7F94090B-E0F3-4EE1-86A4-504D7DE3A12B}
		{F90E67F1-1C75-4418-BB7A-3CE338D01E0B} = {7A43E292-0415-4A52-9C0A-B57FBF8ACFB6}
		{101CB673-2535-479D-BEC6-5D289519CB08} = {7A43E292-0415-4A52-9C0A-B57FBF8ACFB6}
		{7DBF68EC-3D9F-4569-B696-F90559C326AC} = {11C03CF2-88FC-47AE-AC32-7C83BEC54CA9}
	EndGlobalSection
	GlobalSection(ExtensibilityGlobals) = postSolution
		SolutionGuid = {E590BC9E-21DD-4114-B5CC-AAE3FF091072}
	EndGlobalSection
EndGlobal
